{
  "deps": {
    "aura": {
      "artifact": "aura-v3.559.0.tar.gz",
      "artifact_sha256": "sha256:27c43b564d28b7b14a67e36a4801f995ed1848dfbf8daf52f37d2c013c323ddf",
      "channel": "stable",
      "git_sha": "815cbc2f0d421349ec3e74f591119e0a8cdc01a1",
      "release_json_sha256": "sha256:cabff7c0a4decb0d55b223f96f462b6223a6af58734fdcd4e3294ea5e66ce4be",
      "release_tag": "v3.559.0",
      "release_url": "https://github.com/rhohn94/design-language/releases/tag/v3.559.0",
      "signature_verified": "unsigned",
      "synced_at": "2026-07-17T15:44:28Z",
      "tree_manifest": {
        "README.md": "9c3a563ac62fa2caef6827b617f66df4dab6065c725815ff8d5273bdba945b00",
        "bindings/README.md": "3eb475c3d232835b084753e1a3218c25bad9c478e96cc2eb46d2aa32d4462c88",
        "bindings/react/aura-react.d.ts": "edcf1b0cbb7666c6b08ad1822f089fe08470b09c9e6a00bbc4e413053915c5b6",
        "bindings/react/aura-react.js": "9826d9f201783f351d29e10294cbfef7ab28689adb7c6e9acfa424849e3f656b",
        "bindings/react/css-class-wrappers.d.ts": "c3e8b142f38f56ee15858119e0824aa06c8bd7928d8d13d234894d7257f34c96",
        "bindings/react/css-class-wrappers.js": "9deb0db0745073b4efabe2417db36486850bdc00ee80c77ea9b7629eb9d080e2",
        "bindings/react/hooks.d.ts": "2b287952b35826c9cc13793294fe69d2d71837308d2086886050efe4501c913a",
        "bindings/react/hooks.js": "7b42bb93cf89032828b3c223ed78654f793c35f1c231b5945acad9b93d58171c",
        "bindings/react/jsx.d.ts": "f9fe59ef1e1d3b7b225889369215ddb36b56f8c0583511a7dd31003b773d18a7",
        "bindings/svelte/aura-svelte.d.ts": "e78199cf74e3b7b1f7e6a1966d61c9fc5c334557439fc78dbb045d9ef85bf6e3",
        "bindings/svelte/aura-svelte.js": "2f3b19da90155f96f038b55cf48d511d396a2112efc8c0d35ba0ca6107b2d9cb",
        "bindings/svelte/aura-tags.generated.js": "7b344de3facf52684a9b883fb00d2146498ccdc52361198a7fe332e9047a7cb7",
        "bindings/vue/aura-tags.generated.js": "7b344de3facf52684a9b883fb00d2146498ccdc52361198a7fe332e9047a7cb7",
        "bindings/vue/aura-vue.d.ts": "076f233ee077a8c236ae987d1b1d1f2ef03657184917abadd051519b96dd4ed8",
        "bindings/vue/aura-vue.js": "9a3c948e46a8ef5457e2e13c644650a9a1729965be233b09a7120e872ff748b9",
        "css/aura.css": "9870c3cb5fc90d784cc506b043b99cc53f06712fb672fc41efec18b9c0efc046",
        "css/base.css": "946838b3a8f003f5c33461d81dd8a53835a9c37c8fd45830252599dde39de35d",
        "css/chart.css": "411574add87e2222f7f350227b4da47841130b48b7f02b5d47b18bda36d51a66",
        "css/checkbox.css": "1179e2d8e2f1084744e163200e64f9e5066d29308b7c53a4f4fdc3211f6d6781",
        "css/code.css": "8a784141669efc4e996b66b9f74ccd69a0692e533b108adb3b9efef9a2dc12de",
        "css/color-picker.css": "e08d0c4644340985c164b4d6935b0d3a3155d7eef2426707c486c6da7d94ffc1",
        "css/components.css": "db4496a36e9fc480bef8dfadecd6cf342f23b4f7bad136508a65be13d9df7039",
        "css/datepicker.css": "084827b2a2055c1e0d67c32480ed5e8c88904850eb697d5b3be07f44dbb063de",
        "css/dialog.css": "7bfdb92821e35bb0a67c385a54954f4e783bfe29ed45a3d7e9fccb3dfebfb388",
        "css/disclosure.css": "da2cfb115bf8f1d47fe47dac444f9a15b17725d5ac3d657c4344812ff3e0c00d",
        "css/editor.css": "a4c2a17e2c589f53cb5a8471e6a5240975fae550932a8cbc2956ea04a0280c2f",
        "css/elevation-modes.css": "ce7b32aae665c5ad9e5f33e991a86a7f5497f6fbf70675922230c76d1bacc03e",
        "css/elevation.css": "c398538312662215ad416a9d5dd44fdf991156a7e64278a18fe892de511a8c28",
        "css/entrance.css": "ca96123f81a583a58b62527a148d13af4438af079546d4e7babd6a9ce31dc154",
        "css/fmb-column.css": "af2b4c9b7e600adaf2486aed9b3c29900f0cc3daaab29d85d338cf41e5b2854b",
        "css/footer.css": "315d738835dbc72b8c1103583f359fe18a3370a3d83b46e1caedfa294b3068d5",
        "css/form.css": "65b0f3b9aa62b235cb4e689e298d5c8d76a307f368f59b2cdea29516507752b1",
        "css/glow.css": "3f235b0054e2c7104979b8ef975b77fff947dfc66e96fa2eab485ff3d272f700",
        "css/image-catalog.css": "3e2d49800135869dc0dd573088e5060bbdf428647360df534b175f5dec98dab3",
        "css/image.css": "4fc25ad98c6727e99411585b0ee8cb8aab4fa12876cc4485324734370d53ddcf",
        "css/layout.css": "9e76eeef2325471300ae166c0e23a0468e39d0d26020559cecf0cd8a87f9a2c4",
        "css/media.css": "6a88d26d1c9858174080caffce89c9e8aeb98877659ba88df4c960718b7e4fae",
        "css/menu.css": "331ba4311ec03b8f4cc84a6ef8e6e8bc72e1033732a2ac3ebbff9a989d6b09a5",
        "css/mobile.css": "3f34a83c14e6c7e72cb64f69b3f8507fb3ca1bf6b1d079370dfbca7894bab3c4",
        "css/nav-header-extras.css": "1ca0b023b9dfddf2092b7862a75f78ace64caf33f9069fd8ebfe3421f282a565",
        "css/nav-header.css": "43c3787a670ea9b0672b2b8afbce9dea6c8036535f61c21c5b4ff67a69ef3b6e",
        "css/overlay.css": "c328cf2271d59c8ab672783a02be8b7cb2e3ce029c3b10a45c575ffd41698532",
        "css/preferences.css": "a4de0299d415a50fb91517aed4c2c6824eb1e368d979c1289a74b25f841819c0",
        "css/print.css": "7b0560d32c25e52af31b7c917adbb56b1fa5b78a8a953b5c3f6a86b6b88b0c9b",
        "css/radio.css": "0b211ffdd1dea72d08d7411a25abba406fefbcd0c7f26dacbc39ff48397c7793",
        "css/range.css": "7b8f6675200b47d64ef8338f6be56668e26f8a94304d94759112525d338b2a3b",
        "css/resizable.css": "55f7e01db7d571219e1845e3abce1ea66eb044377f50d4e6f942e79e4028a112",
        "css/select.css": "5af98ea5d37f4d894603ba66f55d60f9d07de82c66ddad3a915148989cd65d94",
        "css/shell-nav.css": "9739b2b050672a9d045044748a2c6157a7ba78bd30ec1906573b5097d4f637a0",
        "css/sidebar.css": "a44320cf75916f1bfd644ceab2d6b975fd3a0ec8685f24cc0282e4b9c2fe936f",
        "css/states.css": "d51cf22cd7dc1bf4aef1d7c051fe89d289706dc329775e393ff9a9f27f3c6a8f",
        "css/stepper.css": "a1ff895c1c87e671db2a21bb5b80371782b69cb88ef9c6c9dbd3d4b93c44b61c",
        "css/table.css": "2e73d8da5e8d2c8c2c73eb72c259ec0713b5fc8d2faf9818b5661385f3dd6944",
        "css/tabs.css": "15a68fcd76d59d82295cc8bbdc461205ee3b540939034bac5b594804d255c60f",
        "css/tag-input.css": "fc70ea03e59ef641d5f87306208de3975cf8bb0c2463d7c4966317137b1b98f4",
        "css/theme.css": "f093170f307ad6f05a41ddd143632d36b0e71102a284882f8d86b2bc737c0b94",
        "css/themes/README.md": "e5617876de648bdbe0579767840463f764a061f342309860bd408c9b92554bdc",
        "css/themes/aqua-aero.css": "e35a2a360d101f84ee731cec143b9423099e1f35a607c86180f536f24bc5e8e4",
        "css/themes/extra-depth.css": "1ef6196f9f6ae7f9a39e037024b3f46e57ec81be40cd4a518fe318a0ec0b6193",
        "css/themes/flat-primary.css": "5d8ca78b3aad46deb7f950c6e30672d63d4b235bd906dc4b701da46d5f95fda0",
        "css/themes/frutiger-aero.css": "2f1f7b995490087ab625c1814bf2ba6edc78d9e257ce1818a6ea62f1900886ae",
        "css/themes/modern-flat.css": "d283886cab45aa52db801633521b76c32a9ee1cb51ec8299656449bc3d7cddb1",
        "css/themes/retro-pc.css": "fb808d149f32d8fb0ca787fdee007b8d130cc7853cbee17fcc07249878ca03de",
        "css/themes/warm-dusk.css": "3e3548d0eed531002b9e7238a77ee1116f8f3802e1a161a3b759d4a5572949c2",
        "css/timepicker.css": "d1eeefc8e3ffe41e1a0a7bc4af8bd30d38541a14325ed55d6f7c7dd1d06e2013",
        "css/toast.css": "93f5559d6c85394757c2b58cdf575fecdcc72f48841efd614778619473a2dfef",
        "css/tokens.css": "261ec0c303d9aeb00d578485f1caff322ecd3e98db02a19ae3a9236fe8da92f2",
        "css/tooltip.css": "ccd62e25d25f9897455a0ff700c230f480f40adeddf621ce65651c2bc158da49",
        "css/utilities.css": "39d76513f59db9bc66fa7f22d257543a5131c38ff9494eac2f09c06cdf3d24c6",
        "css/video.css": "c6450bc22624074d8785573886e383cc8a02dc450c02388ae44503cdf3bc8c82",
        "dist/SRI.txt": "58f3d120de94cea4b41ed9b0b982f7365faa1531c3554c2246c8bcd998623df6",
        "dist/aura-nav-extras.css": "1ca0b023b9dfddf2092b7862a75f78ace64caf33f9069fd8ebfe3421f282a565",
        "dist/aura-nav-extras.js": "bb69d499f9f09c45f0d76066e4fd3000ea85dda5bd1ef96ab0f09821181fa456",
        "dist/aura-nav-extras.min.css": "4d739dd15a9391d55488e370613975e6f755d35c362feb1498b8bc804db12d91",
        "dist/aura-nav-extras.min.js": "80111308e8b7297ecf7b55df39f2af6c571e8fee1fd457dfc68fed30ac658f80",
        "dist/aura-tokens-meta.json": "908cbcc393fbaa40a3fb3dd28ef53f175252b4b12961f8831055298605832016",
        "dist/aura-tokens.d.ts": "0a575fa1e472a315e1170dbf82f3e6c1277308682a2f08f5bab7873b751006fa",
        "dist/aura-tokens.js": "58d46398f762c135d0e222f070ee86302f25854542e3c6d5ad371879d8b0bf45",
        "dist/aura.css": "344aeb603acbcd9c69343da02daae493f98809bb8a473423ad6a7cdbb529b940",
        "dist/aura.d.ts": "24c2033d73198c3854e7472580af4682e9422735dee06eb9e7855362877817e1",
        "dist/aura.js": "b153bb26b4903cf3305d230eb36ae18312734726ffe41ab35f8cde1da9fb53cc",
        "dist/aura.min.css": "3d4583faf45020ee345ebcca8f930fa47c76a1a929096352678847c44a5f1aab",
        "dist/aura.min.js": "46fb90ea0cc91ffa3e3530331185f1c40d7051aa4c0f2ca887872947bdf339b8",
        "dist/dependency-manifest.json": "04c661ca36d2a60a661e0d8a21cdbaa777a6d4c00b3aa4569145a879eaf0f048",
        "dist/esm/app.js": "1c919bbd60371959b936734203fddcf011434b09f5afadeefa8fca673e36bfb7",
        "dist/esm/attr-mirror.js": "4638eba59526ce655b2daa6aac6f84080016b674471a86b8b936737fa050f041",
        "dist/esm/autogrow.js": "e6f6b6fad94b57eccf054bb8fcdebe943f485a0c3ee8626dd232a15abd313fff",
        "dist/esm/avatar.js": "de2b4c087254b93bebde555378196d35910d2734e70282ece2e8d29643defc91",
        "dist/esm/badge.js": "87b51e44decc14a84b2fe24d5987c2828bfbf7066bdc14c0a22cf6301342841a",
        "dist/esm/breadcrumb.js": "2af484fccea182e0608ffe1c48fba0ab92977633822d32d7d4068b6de7f8492e",
        "dist/esm/button.js": "afb1591de63cd07777e265b63bc273cdf37dd2173a9a48548d2b2eacebbf4b70",
        "dist/esm/card.js": "8f1724bee584eed130f6bd14375242e362d54b537c3785d75720a6787360155f",
        "dist/esm/checkbox.js": "f131d4b83873516856fbf7190fe0ff106585d10308cf51cd3eafb385ed75a528",
        "dist/esm/code.js": "73fd286c22dfd29894cd21bacb5473d53c15292b003bc5ed48a591a87b774c0b",
        "dist/esm/color-picker.js": "eb4f7e570d492bb31fd8bc648808e5abc5c5dc32ef63259cdf9f18b7c4436941",
        "dist/esm/color-recents.js": "d05864c676186ca14325b4f2cf9af3719c729bd4a27e3a6af0c8aff8b86df4f5",
        "dist/esm/color.js": "23b669d9bf8838e9e25db58abf1a6871d34d1afaead10928a0db5de2bce53810",
        "dist/esm/copy.js": "44cace317625a1863ac37a0ba3ef26e66d26ee52b2f6a03694c7d06d66c7ea3b",
        "dist/esm/core.js": "fbaded1ddcab6221bd9d3158922001de70c25358a3b4977148f436a6651d49f7",
        "dist/esm/datepicker.js": "d4b8477380d99f2a15e62a1c99cf404414fa96d434958bc36685c7abe17b0bfa",
        "dist/esm/dialog.js": "d03020f45e4d90a84070a946e9d3297fdd8b212a6a6cc84e5128ad2e9ccad114",
        "dist/esm/editor.js": "a869367969197aca7e441e90674ee0a40f259fd8f4032b924eacb3e40d9bbc54",
        "dist/esm/element-base.js": "cd251b24ed9d27bbf312a7d7f5e33de8d2011e4787b0f223c63745afb3fd246d",
        "dist/esm/empty-state.js": "af8626c56e9a919e378829940e7e8362e3db479780cae6e1f1735bef91cb50bf",
        "dist/esm/entrance.js": "21b05147abf0a0a82d10078e444f912e846136c76b44a133b0db08983a4ead29",
        "dist/esm/field.js": "15ef30e3fa601c8e3c8db2380b89b2a4a4734194ca6a06129094f422484f075e",
        "dist/esm/fmb-choreography.js": "8b2a0105f895a46875aa860d260aef1e4cdab08191b1e86f315951f0ce733ca7",
        "dist/esm/fmb-column.js": "0c81faca8391a17cd74ec467e07b01e15a36360880e47eb9be73329ba3ef8889",
        "dist/esm/footer.js": "c160c2ebc900a7e0f9b0040be8638bf04dd226abbb1dff75aaaabdae98a5e63b",
        "dist/esm/form-associated-base.js": "682d74d918b3400f735c7c4517ded2d3f0d2832225da5566bc521ef2bbe4e49e",
        "dist/esm/form-control-base.js": "21141ed778b6c7d4a394280bff01e7d9b4f128cdcdcd84167d8da2118ffbcb76",
        "dist/esm/form-guard.js": "4b6707b1c766e4a8963482285af94282ed889952fdd032fc636775c4982f81fe",
        "dist/esm/form.js": "d10f006f6c17e3100ffbe96f090235f82afb1cccf53e6659ccc6a3512d458f72",
        "dist/esm/format.js": "768d2281bcd88aac5e6689e3945ef8866be733794f4f929e449d1b124b434a6b",
        "dist/esm/glow-host.js": "13aec96d5da0a64cb6b18e49a7670dc9a53111bd63b786b917c54a17ada05391",
        "dist/esm/glow.js": "645fd6dabd078852e10fb33a98b942116f2d36fe2feca228d091df27d3beebb5",
        "dist/esm/icon.js": "18c5687db9cbc4da7c6f13baa3c5d48d1da169d18f6519f22102038589a7c3e9",
        "dist/esm/image.js": "e449bc7ff148084a1e95ca3a41ec5977a9480cdf115ee15c52dbcd6472729af9",
        "dist/esm/index.js": "0ce19bfaeaef405fbe84f964d1dcbd42e67bc23a39e1874a1a4f568401dde33f",
        "dist/esm/keyboard-nav.js": "e35c621a5f5b26e003e9ae144db60b5d7e470a3a07bb2c3b7a88005514efe3b7",
        "dist/esm/link.js": "782f03ce678a6c1740050aef0b619dae0fe7e2e1ff24c807b3f1fc9d924ea571",
        "dist/esm/media-base.js": "a931355ca3414a0b1ed38c3173119d8feef5d13effdfb6c0bcf809fe47856893",
        "dist/esm/menu.js": "3d7727cf0eca566d6720f431b1455c6872b78632fa4d531ba9c4a67004f2e9b5",
        "dist/esm/nav-header-extras.js": "a0258e2272869d27c6da4afce2a1f8fec16b98ea0bc11485142253c98766d753",
        "dist/esm/nav-header.js": "3b8f462438372c321d139a9929596559c6871290be2e703ccb3365754246530c",
        "dist/esm/overlay.js": "8aeac51347b63e62e7e1711ef6ff10176fed265d985cd5f282eb9dbd68b188dc",
        "dist/esm/pagination.js": "fdc45c914cd2f13a99d7f3a4040d51d8e1e6c1780107de3cd4157c46d785a895",
        "dist/esm/picker-base.js": "4fa18599488cc79310139b3b1ed7ca63d6be7f0c9fc15d96a3850079c4e40e5d",
        "dist/esm/popup-overlay.js": "77f8717f4e7c476c6715d56eef8e66a4e3d1024df23d73ca51d1eab1f0d1589f",
        "dist/esm/progress.js": "fad4298b9f56ca023cba087e4948c01c334c5819507915a9321546b3b291ebaa",
        "dist/esm/radio.js": "8795eefea23bf30fcd92b8e930a1643601571cf4d5e797b0046bbeae6a59bcde",
        "dist/esm/range.js": "c76ad38125ed30687f13d50afe1b944832ca441e5040d0949a6240b438b8a8ce",
        "dist/esm/resizable.js": "9401dd54009520e386486c95c62e9bffda90fdb43380d8169a23c978a3ddf6f1",
        "dist/esm/select.js": "7d512af216442a47b10d5d163dd122b98e9536a614fd2f45d4e25bb9834d5710",
        "dist/esm/shell-nav.js": "dd24243cab315344d811132b3a8efbb94dfd1b9d64a1037964cd83f42c87945a",
        "dist/esm/sidebar.js": "a81f7e7c1cf74bf06b13b95e1f850c13f2dce8c4fe18d6f4b5902ead5e493451",
        "dist/esm/sparkline.js": "6011cbc30cb190c6f80e7de53722792831b6f29500627a683f22d1c83a564a49",
        "dist/esm/stepper.js": "3062e3c5d554f32a77b841fb820ecd0abf24d67f034e552b22fec8ca29e1bf8f",
        "dist/esm/steps.js": "9cb5f8623552263dda3bb3381ab7e7bf17b0d7a35183f995e77bc4427aef7987",
        "dist/esm/switch.js": "5702364b485653c4a9c4ae1b04718549d4700cc55b62cd36177b5d6191209417",
        "dist/esm/tabs.js": "76f678e7f9f5c94c38567cea1b481ed1b378b1fc7fa2ff586d35461f0ce9bd15",
        "dist/esm/tag-input.js": "4ff37319fae770a2905bdef958edb3b7c6063bcee512b3b90c2be01080493236",
        "dist/esm/telemetry.js": "2bebc6f78e0975189665003a9917d9008a51b06f302c9d33c3b2992a6233f17c",
        "dist/esm/theme-select.js": "06d7c0c14e19c3675c29db43c71279cdeb55d678be2e0e5e07677369b59b1261",
        "dist/esm/theme-toggle.js": "261237a0707b013d1c134922f8f0cd8b3381e6c09e4d90532ecdb55b27ecc482",
        "dist/esm/theme.js": "e94ca8d03583e27d8c277832a9b90e66cb2ddd182a6d708b3069b4c4fcc06c9a",
        "dist/esm/timepicker.js": "946d0836b820bfa2143fd7fe2831caf3c625aeecb8b1f0cbda964ae77a7f26c3",
        "dist/esm/toast.js": "443372718af3fc4f2302980d28614ca34a1f0645588b9f7b405ac5a65cbfd014",
        "dist/esm/token-model.js": "6e97cd74bc21b778306e9d81890d3f76639ec79e59da29e27fd973543f3b39b6",
        "dist/esm/tooltip.js": "55dee3487554610f89d5f16167404b3f8934a0dc07015ea4ba42a9ee9172c3e4",
        "dist/esm/video.js": "de323972d751f74634ec68c6d85c660a1236e5c723e9703859302da0378bc4ba",
        "dist/example.css": "98dc10e3e85cc4de017fdc03ca794b49aa3cd73266a38f44e69e3ae1481e5803",
        "dist/example.html": "092415a4a1fbd991c0eb2a9e50480fa0edec4dc908145ea0273f00e270dc7dae",
        "dist/themes/aqua-aero.css": "e35a2a360d101f84ee731cec143b9423099e1f35a607c86180f536f24bc5e8e4",
        "dist/themes/extra-depth.css": "1ef6196f9f6ae7f9a39e037024b3f46e57ec81be40cd4a518fe318a0ec0b6193",
        "dist/themes/flat-primary.css": "5d8ca78b3aad46deb7f950c6e30672d63d4b235bd906dc4b701da46d5f95fda0",
        "dist/themes/frutiger-aero.css": "2f1f7b995490087ab625c1814bf2ba6edc78d9e257ce1818a6ea62f1900886ae",
        "dist/themes/modern-flat.css": "d283886cab45aa52db801633521b76c32a9ee1cb51ec8299656449bc3d7cddb1",
        "dist/themes/retro-pc.css": "fb808d149f32d8fb0ca787fdee007b8d130cc7853cbee17fcc07249878ca03de",
        "dist/themes/warm-dusk.css": "3e3548d0eed531002b9e7238a77ee1116f8f3802e1a161a3b759d4a5572949c2",
        "js/attr-mirror.js": "4a42885a0c8b963244133161c9faf9cb8b620b4d44e1609243f3f2558f53b825",
        "js/aura-app.js": "5b3df8171e5679479edacabaf00b4fd0799bb4047e12be650e5421f4a51c0e32",
        "js/aura-avatar.js": "122621c514201fc12fadc3d62100b98c836c6a617ce3f3029547278030c8303a",
        "js/aura-badge.js": "5f83a1ea7b4c68255627e3d63ef1eb1b7e4d135e62dd124f14461c67361ace6a",
        "js/aura-breadcrumb.js": "2361a6739913b88c5f34ff4daad08f4d6f0a26f4a2372012643774d7fd1c13a1",
        "js/aura-button.js": "5f16a4807770ae98f2fcc612087ae2e505590542370ee274e1f71888ee68f025",
        "js/aura-card.js": "aeee982137534360d0c5d45f3901c2086636be75bbe93c368b4b120939ecde30",
        "js/aura-code.js": "54954fff64838209c07c8092b24e5e9bc32f0c3d34e58a688c3d2e50dff04029",
        "js/aura-empty-state.js": "f6adfe918d47c88750d8e7bb2dcbb98105fa358aa730d950c69d7a2c92d2995c",
        "js/aura-field.js": "0cd80dc10a2832a9785d077453766a262902403529bfd8b16ca19f8c1cb008bd",
        "js/aura-icon.js": "a138f8e30c1cab698cfde9556c03318772a000d1675e17ddaeac702b07615c02",
        "js/aura-image.js": "622ad11e2f6f7c5ba341ec1398da0c07f12c15eaf3eefd814350d5cffa0dc528",
        "js/aura-link.js": "253ff006d1a1ad2407ebc145a135354fb84db8f5613dfec40ab911ed02c619b7",
        "js/aura-pagination.js": "7ca75aa232446b1d3342eb49bb1f749173e9196e8835a3c4e3be4e7f989368fc",
        "js/aura-progress.js": "04db0a6baccc3f4fe81c636c0d974ba621502cacc717c4e13b2d08c4ac12533a",
        "js/aura-sparkline.js": "ff2a2dbfaa336f2fe802f37e95d201100f566959aea7aeb3e9dae7e0ecb9ec9f",
        "js/aura-stepper.js": "37ae55790687e1d756c65e7f395a20df0ba00f1295dffdf95fe1f696e4dea71e",
        "js/aura-steps.js": "aa9ccdbf346226cc0c2993ee63d59608b043ef98d3460e07847730147f873ce3",
        "js/aura-switch.js": "111e48bece9064d5a6745a32bd3a7750ffacf688fc82a38e1612c010c4b5c9cf",
        "js/aura-tag-input.js": "27c18b74bee96844a9520f02b72712bf64d61910838c0f9e23e651b63cd546f3",
        "js/aura-theme-select.js": "bb935181d858f2199734c37c8f8c76a4697de10b631bb522fb4a3b7a60835f23",
        "js/aura-theme-toggle.js": "2b737a1a44bc556288a2a391093e17046d4d95b5e9d788d81a6ea2946fdc39c9",
        "js/aura-video.js": "b1a4936d59f9315a4951db413a65a81478917c2ccd2df3a33aa4245b9f0f8b37",
        "js/autogrow.js": "1761b1ec30432f275091a93170927a374f0fbeaa1b758351819e987723aecba5",
        "js/checkbox.js": "3e42cb3f84a5916007d211a8b911b7682255e24468776c445793c6502839dcf3",
        "js/color-picker.js": "d2530975fecb025dacc08cd47c920378d990a779d7d050a2b306759250177998",
        "js/color-recents.js": "9e64a64bd5c8da3dc92badd13e2171f6a49489599877833ed6625ac13f4a8e2f",
        "js/color.js": "b0ee25e815b018161917579dcee5dd7b5033d278a8c72a760d02fa3e396cded1",
        "js/copy.js": "a6cfdbd16609999b0a223aaac687288934c7f7cbf20fed81861613654c6a6f0c",
        "js/core.js": "59dc34404897ba4d5f6957cc745679a49497f3eeda9da81e07d35fff41c57452",
        "js/datepicker.js": "a5e03f7d6170755d3a5c2c26d98c86da789b0ee911ce2dc97452c25560edcc6e",
        "js/dialog.js": "b7b307d362151655a746808902584e7344868e38d942c83f95798ab6f6c6089d",
        "js/editor.js": "6847940f5946ec9556b6d6340f3dba30aa5904cbed7cace68b6e776e93e2d2b2",
        "js/element-base.js": "ee90f55916e0600710debbfcb619b7cf6cfe619d8015fa10bf11ad6575ab720b",
        "js/entrance.js": "e2bdc4d4eff3912417be59550a3ccb517fbf6eb3e9237bcabd0e1e5fff2b9969",
        "js/fmb-choreography.js": "19af3d27ba86245d89fa59d7cd9f17b777f2b7992479ca0c6865cdd0c3ad5d98",
        "js/fmb-column.js": "71a03b42ded9b8fab4b8c533a36fe3dfbb44f12ef534aa5320e7c121b19cc63a",
        "js/footer.js": "e9a61fdce7858c6179a821b485c9a23d6523a0af12f0ed78e92836704df24536",
        "js/form-associated-base.js": "0fd4fa0cdbec2fd181150e8477eb2853c440d2a78b06bceeb9c2629ff653fc0d",
        "js/form-control-base.js": "ad8e0b711fca5cf38470f670800b982fe70ff6bd82d74fe80bb691da87f69d5c",
        "js/form-guard.js": "7090481e8de6f32e96616215b6a052f731cc430bfbda428fca400a814d745d86",
        "js/form.js": "d5900d65fd758a45ff252f61c8dee3ba76b9214708a53df7c28f865c2d474afa",
        "js/format.js": "bc0bd7124cde9aab7e301d56b02ecd71af124af294d51384ac89b5ab9e06867f",
        "js/glow-host.js": "81d5d3eea79d306e40c436cd8e6323f1022f33ff7f362cbd1be733f9136e7e3c",
        "js/glow.js": "436cf799388acc81ea1ba4d08954094cb90ef4232bdca4337b6971ff63c5ee2d",
        "js/keyboard-nav.js": "3de37816cfc2f9ae7d1f874d8fba94f6ffbbd5bb4d5325e732fd53ec75b27d57",
        "js/media-base.js": "8444deac1821ec89c51f46e948a1d15c3494aa8c89348f35fa397bb361a33d81",
        "js/menu.js": "b15c4fd741b302856bcba668fd8379af8dcf0833e7c391472d1988f5de538e2d",
        "js/nav-header-extras.js": "bb69d499f9f09c45f0d76066e4fd3000ea85dda5bd1ef96ab0f09821181fa456",
        "js/nav-header.js": "21661965c909c9c63b95c863701b828daae035664d75e202765499d548d3ace1",
        "js/overlay.js": "eba8c2ad17a3b49a28c65987a997e8f395c77e7f3f4f9fcaf0ad21c5677765e0",
        "js/picker-base.js": "e3c2d9a95443184ce28708e2bafd2a38cf9c2562cdf4010c718a18fe8a3e89e8",
        "js/popup-overlay.js": "3104bfabeec4bc1442dbab012ec0dd58c715a1c0044112710b83ed496e544948",
        "js/radio.js": "6a44644379fdc3f543291be524c74e84e849babafd1a02cd21c7c532632054fe",
        "js/range.js": "6b1356c840a4279694d9e9fa2f1e613d356f0aad7bd5b2ccfe834f3c711569fe",
        "js/resizable.js": "f6782f245e35c8b71ed459bf476e291911f6ca09724e924c7a9dcc80c1e0bc45",
        "js/select.js": "18a940bdca17fb5a7bd3b8446aeb472085289d503a2ca41a79c00d81bcff2035",
        "js/shell-nav.js": "b2630b185007685026d8ff10c3e6cc6b85faaf8b097d5000cfc9e1c72d54a296",
        "js/sidebar.js": "7eb32c5f582a1a5c994d400b33cdd257cc6d602df9c5d0186cbf9db99cd78655",
        "js/tabs.js": "23603c2380e2d5af2e6e5f94c8243b3496795a7d0af37b55879a4ccc4b0c5073",
        "js/telemetry.js": "08cc5f47a07858550179de80ad9015226d421fa4c6ef2b3e49bc38227d360e89",
        "js/theme.js": "0df9600d909cf23fc59bbf050fc49f0ea743713876534011de561c755dca05f4",
        "js/timepicker.js": "ac8dd44b54423011332639bf061fa8b347212870352d720ca51f142a4a27edf3",
        "js/toast.js": "860f6cb3a23a6826e1cac3f546be04131423d8f71bef5c7c2ae2134be232aec9",
        "js/token-model.js": "4a400f1921807cadbb42f3cea2ebbcd2ab08a6cbeb2ea0cb2ff3cf5cc43c1ff9",
        "js/tooltip.js": "278024e8f385f49afa3843de6d35fcc5ddd47f37ec51880e44427f72415b26b5",
        "templates/README.md": "44c6432625c47f5498d2672a8a8131b85a0a9bc87fe076f1e3f64582e0a3e72f",
        "templates/app-shell.css": "7cdb8a91e00c7f97c57c76c3bda5fafca0815ffd318a687ffd4d634e9adc74c1",
        "templates/content-page.css": "74b683dd87ccc4503ef9a451e4d6634d0ad873493fb83953c99d84ae53d6ed79",
        "templates/dashboard-page.css": "3f920e10e4d5ba08b96ece1fdd028e7c639489e16d4d2ec5fd34af0ba2de7260",
        "templates/detail-page.css": "b4206f8d492749e9c5bbd60ae8c1486673b080956389d840520bac1b2ccd7daa",
        "templates/error-page.css": "ec646e0c3436c346f6d81bee61790616dd7dd98c09430927084a974714784514",
        "templates/form-page.css": "d9591867e442e53b5a8e2ba43e7d7119ec4bc832a37378da990f20fdd3176b26",
        "templates/list-page.css": "a230a701a0c0fdc1224e763efcba483178d061d0a0f13a694a4a9ee5d73460db",
        "templates/settings-page.css": "6f22b4a1d550b21ae10d67de1a072c75a4c1c58800f28bf8cdd176400cec4b80",
        "tokens.resolved.json": "614e9f10bff53a31320137e6fde6305e8446ea3f295e601e5bb87d4e6622bf09",
        "tools/aura_conformance.py": "cdff2e112de2cfea4ce34292516c8166798fa84c8f9477099b31622d9075910d",
        "tools/aura_tokens.py": "88687206794723502814d82ea748367d2d311543ecdb2ee84e714b3ecdbf0868"
      },
      "tree_sha256": "sha256:6ff498a06c289701620420d419bf66935d9242677ece20c524d1205a8ffc795f",
      "version": "3.559.0"
    }
  },
  "schema_version": 1
}
